
Microsoft Visual Studio Solution File, Format Version 12.00
# Visual Studio Version 16
VisualStudioVersion = 16.0.29609.76
MinimumVisualStudioVersion = 10.0.40219.1
Project("{FAE04EC0-301F-11D3-BF4B-00C04F79EFBC}") = "HyperV_ConsoleApp.NETCore Plateform", "HyperV_ConsoleApp.NETCore Plateform\HyperV_ConsoleApp.NETCore Plateform.csproj", "{2B74C7EE-7915-448C-A7E2-E18BF6248541}"
EndProject
Global
	GlobalSection(SolutionConfigurationPlatforms) = preSolution
		Debug|Any CPU = Debug|Any CPU
		Release|Any CPU = Release|Any CPU
	EndGlobalSection
	GlobalSection(ProjectConfigurationPlatforms) = postSolution
		{2B74C7EE-7915-448C-A7E2-E18BF6248541}.Debug|Any CPU.ActiveCfg = Debug|Any CPU
		{2B74C7EE-7915-448C-A7E2-E18BF6248541}.Debug|Any CPU.Build.0 = Debug|Any CPU
		{2B74C7EE-7915-448C-A7E2-E18BF6248541}.Release|Any CPU.ActiveCfg = Release|Any CPU
		{2B74C7EE-7915-448C-A7E2-E18BF6248541}.Release|Any CPU.Build.0 = Release|Any CPU
	EndGlobalSection
	GlobalSection(SolutionProperties) = preSolution
		HideSolutionNode = FALSE
	EndGlobalSection
	GlobalSection(ExtensibilityGlobals) = postSolution
		SolutionGuid = {BD559936-7A2F-47A9-8AC5-19EE02E433AE}
	EndGlobalSection
EndGlobal
